
Microsoft Visual Studio Solution File, Format Version 12.00
# Visual Studio Version 17
VisualStudioVersion = 17.13.35919.96 d17.13
MinimumVisualStudioVersion = 10.0.40219.1
Project("{FAE04EC0-301F-11D3-BF4B-00C04F79EFBC}") = "Quizzmester", "Quizzmester\Quizzmester.csproj", "{D22ED428-563F-43B9-B6B2-D59A4D67447F}"
EndProject
Global
	GlobalSection(SolutionConfigurationPlatforms) = preSolution
		Debug|Any CPU = Debug|Any CPU
		Release|Any CPU = Release|Any CPU
	EndGlobalSection
	GlobalSection(ProjectConfigurationPlatforms) = postSolution
		{D22ED428-563F-43B9-B6B2-D59A4D67447F}.Debug|Any CPU.ActiveCfg = Debug|Any CPU
		{D22ED428-563F-43B9-B6B2-D59A4D67447F}.Debug|Any CPU.Build.0 = Debug|Any CPU
		{D22ED428-563F-43B9-B6B2-D59A4D67447F}.Release|Any CPU.ActiveCfg = Release|Any CPU
		{D22ED428-563F-43B9-B6B2-D59A4D67447F}.Release|Any CPU.Build.0 = Release|Any CPU
	EndGlobalSection
	GlobalSection(SolutionProperties) = preSolution
		HideSolutionNode = FALSE
	EndGlobalSection
	GlobalSection(ExtensibilityGlobals) = postSolution
		SolutionGuid = {9EAA1F52-60BC-4B2D-AE27-5A3AA60AF3DB}
	EndGlobalSection
EndGlobal
